// !$*UTF8*$!
{
	archiveVersion = 1;
	classes = {
	};
	objectVersion = 48;
	objects = {

/* Begin PBXBuildFile section */
		64933376214D079800E2CCAE /* mnist.c in Sources */ = {isa = PBXBuildFile; fileRef = 64933375214D079800E2CCAE /* mnist.c */; };
		64933379214E66BD00E2CCAE /* optimization.c in Sources */ = {isa = PBXBuildFile; fileRef = 64933378214E66BD00E2CCAE /* optimization.c */; };
		64B2C188214BB58500891B88 /* main.c in Sources */ = {isa = PBXBuildFile; fileRef = 64B2C187214BB58500891B88 /* main.c */; };
		64B2C192214BB5BF00891B88 /* vector.c in Sources */ = {isa = PBXBuildFile; fileRef = 64B2C191214BB5BF00891B88 /* vector.c */; };
		64B2C196214BB5F100891B88 /* macros.c in Sources */ = {isa = PBXBuildFile; fileRef = 64B2C195214BB5F100891B88 /* macros.c */; };
		64B2C19D214BC86000891B88 /* sort.c in Sources */ = {isa = PBXBuildFile; fileRef = 64B2C19C214BC86000891B88 /* sort.c */; };
		64B2C1A1214BCB1400891B88 /* matrix.c in Sources */ = {isa = PBXBuildFile; fileRef = 64B2C1A0214BCB1400891B88 /* matrix.c */; };
		64B2C1A5214BD24C00891B88 /* algebra.c in Sources */ = {isa = PBXBuildFile; fileRef = 64B2C1A4214BD24C00891B88 /* algebra.c */; };
		64B2C1A9214BD3B700891B88 /* csv.c in Sources */ = {isa = PBXBuildFile; fileRef = 64B2C1A8214BD3B700891B88 /* csv.c */; };
		64B2C1AC214BD46A00891B88 /* probability.c in Sources */ = {isa = PBXBuildFile; fileRef = 64B2C1AB214BD46A00891B88 /* probability.c */; };
		64B2C1AF214BD54100891B88 /* set.c in Sources */ = {isa = PBXBuildFile; fileRef = 64B2C1AE214BD54100891B88 /* set.c */; };
		64B2C1B4214C324A00891B88 /* cell.c in Sources */ = {isa = PBXBuildFile; fileRef = 64B2C1B3214C324A00891B88 /* cell.c */; };
		64B2C1B7214C342500891B88 /* network.c in Sources */ = {isa = PBXBuildFile; fileRef = 64B2C1B6214C342500891B88 /* network.c */; };
		64B2C1BA214C34AF00891B88 /* router.c in Sources */ = {isa = PBXBuildFile; fileRef = 64B2C1B9214C34AF00891B88 /* router.c */; };
		64B2C1BE214C35E300891B88 /* activation.c in Sources */ = {isa = PBXBuildFile; fileRef = 64B2C1BD214C35E300891B88 /* activation.c */; };
		64B2C1C1214C360400891B88 /* aggregation.c in Sources */ = {isa = PBXBuildFile; fileRef = 64B2C1C0214C360400891B88 /* aggregation.c */; };
		64B2C1C4214C362400891B88 /* transfer.c in Sources */ = {isa = PBXBuildFile; fileRef = 64B2C1C3214C362400891B88 /* transfer.c */; };
		64B2C1C7214C36D100891B88 /* cost.c in Sources */ = {isa = PBXBuildFile; fileRef = 64B2C1C6214C36D100891B88 /* cost.c */; };
/* End PBXBuildFile section */

/* Begin PBXCopyFilesBuildPhase section */
		64B2C182214BB58500891B88 /* CopyFiles */ = {
			isa = PBXCopyFilesBuildPhase;
			buildActionMask = 2147483647;
			dstPath = /usr/share/man/man1/;
			dstSubfolderSpec = 0;
			files = (
			);
			runOnlyForDeploymentPostprocessing = 1;
		};
/* End PBXCopyFilesBuildPhase section */

/* Begin PBXFileReference section */
		64933374214D079800E2CCAE /* mnist.h */ = {isa = PBXFileReference; lastKnownFileType = sourcecode.c.h; path = mnist.h; sourceTree = "<group>"; };
		64933375214D079800E2CCAE /* mnist.c */ = {isa = PBXFileReference; lastKnownFileType = sourcecode.c.c; path = mnist.c; sourceTree = "<group>"; };
		64933377214E66BD00E2CCAE /* optimization.h */ = {isa = PBXFileReference; lastKnownFileType = sourcecode.c.h; path = optimization.h; sourceTree = "<group>"; };
		64933378214E66BD00E2CCAE /* optimization.c */ = {isa = PBXFileReference; lastKnownFileType = sourcecode.c.c; path = optimization.c; sourceTree = "<group>"; };
		64B2C184214BB58500891B88 /* naive */ = {isa = PBXFileReference; explicitFileType = "compiled.mach-o.executable"; includeInIndex = 0; path = naive; sourceTree = BUILT_PRODUCTS_DIR; };
		64B2C187214BB58500891B88 /* main.c */ = {isa = PBXFileReference; lastKnownFileType = sourcecode.c.c; path = main.c; sourceTree = "<group>"; };
		64B2C190214BB5BF00891B88 /* vector.h */ = {isa = PBXFileReference; lastKnownFileType = sourcecode.c.h; path = vector.h; sourceTree = "<group>"; };
		64B2C191214BB5BF00891B88 /* vector.c */ = {isa = PBXFileReference; lastKnownFileType = sourcecode.c.c; path = vector.c; sourceTree = "<group>"; };
		64B2C194214BB5F100891B88 /* macros.h */ = {isa = PBXFileReference; lastKnownFileType = sourcecode.c.h; path = macros.h; sourceTree = "<group>"; };
		64B2C195214BB5F100891B88 /* macros.c */ = {isa = PBXFileReference; lastKnownFileType = sourcecode.c.c; path = macros.c; sourceTree = "<group>"; };
		64B2C19B214BC86000891B88 /* sort.h */ = {isa = PBXFileReference; lastKnownFileType = sourcecode.c.h; path = sort.h; sourceTree = "<group>"; };
		64B2C19C214BC86000891B88 /* sort.c */ = {isa = PBXFileReference; lastKnownFileType = sourcecode.c.c; path = sort.c; sourceTree = "<group>"; };
		64B2C19F214BCB1400891B88 /* matrix.h */ = {isa = PBXFileReference; lastKnownFileType = sourcecode.c.h; path = matrix.h; sourceTree = "<group>"; };
		64B2C1A0214BCB1400891B88 /* matrix.c */ = {isa = PBXFileReference; lastKnownFileType = sourcecode.c.c; path = matrix.c; sourceTree = "<group>"; };
		64B2C1A3214BD24C00891B88 /* algebra.h */ = {isa = PBXFileReference; lastKnownFileType = sourcecode.c.h; path = algebra.h; sourceTree = "<group>"; };
		64B2C1A4214BD24C00891B88 /* algebra.c */ = {isa = PBXFileReference; lastKnownFileType = sourcecode.c.c; path = algebra.c; sourceTree = "<group>"; };
		64B2C1A7214BD3B700891B88 /* csv.h */ = {isa = PBXFileReference; lastKnownFileType = sourcecode.c.h; path = csv.h; sourceTree = "<group>"; };
		64B2C1A8214BD3B700891B88 /* csv.c */ = {isa = PBXFileReference; lastKnownFileType = sourcecode.c.c; path = csv.c; sourceTree = "<group>"; };
		64B2C1AA214BD46A00891B88 /* probability.h */ = {isa = PBXFileReference; lastKnownFileType = sourcecode.c.h; path = probability.h; sourceTree = "<group>"; };
		64B2C1AB214BD46A00891B88 /* probability.c */ = {isa = PBXFileReference; lastKnownFileType = sourcecode.c.c; path = probability.c; sourceTree = "<group>"; };
		64B2C1AD214BD54100891B88 /* set.h */ = {isa = PBXFileReference; lastKnownFileType = sourcecode.c.h; path = set.h; sourceTree = "<group>"; };
		64B2C1AE214BD54100891B88 /* set.c */ = {isa = PBXFileReference; lastKnownFileType = sourcecode.c.c; path = set.c; sourceTree = "<group>"; };
		64B2C1B2214C324A00891B88 /* cell.h */ = {isa = PBXFileReference; lastKnownFileType = sourcecode.c.h; path = cell.h; sourceTree = "<group>"; };
		64B2C1B3214C324A00891B88 /* cell.c */ = {isa = PBXFileReference; lastKnownFileType = sourcecode.c.c; path = cell.c; sourceTree = "<group>"; };
		64B2C1B5214C342500891B88 /* network.h */ = {isa = PBXFileReference; lastKnownFileType = sourcecode.c.h; path = network.h; sourceTree = "<group>"; };
		64B2C1B6214C342500891B88 /* network.c */ = {isa = PBXFileReference; lastKnownFileType = sourcecode.c.c; path = network.c; sourceTree = "<group>"; };
		64B2C1B8214C34AF00891B88 /* router.h */ = {isa = PBXFileReference; lastKnownFileType = sourcecode.c.h; path = router.h; sourceTree = "<group>"; };
		64B2C1B9214C34AF00891B88 /* router.c */ = {isa = PBXFileReference; lastKnownFileType = sourcecode.c.c; path = router.c; sourceTree = "<group>"; };
		64B2C1BC214C35E300891B88 /* activation.h */ = {isa = PBXFileReference; lastKnownFileType = sourcecode.c.h; path = activation.h; sourceTree = "<group>"; };
		64B2C1BD214C35E300891B88 /* activation.c */ = {isa = PBXFileReference; lastKnownFileType = sourcecode.c.c; path = activation.c; sourceTree = "<group>"; };
		64B2C1BF214C360400891B88 /* aggregation.h */ = {isa = PBXFileReference; lastKnownFileType = sourcecode.c.h; path = aggregation.h; sourceTree = "<group>"; };
		64B2C1C0214C360400891B88 /* aggregation.c */ = {isa = PBXFileReference; lastKnownFileType = sourcecode.c.c; path = aggregation.c; sourceTree = "<group>"; };
		64B2C1C2214C362400891B88 /* transfer.h */ = {isa = PBXFileReference; lastKnownFileType = sourcecode.c.h; path = transfer.h; sourceTree = "<group>"; };
		64B2C1C3214C362400891B88 /* transfer.c */ = {isa = PBXFileReference; lastKnownFileType = sourcecode.c.c; path = transfer.c; sourceTree = "<group>"; };
		64B2C1C5214C36D100891B88 /* cost.h */ = {isa = PBXFileReference; lastKnownFileType = sourcecode.c.h; path = cost.h; sourceTree = "<group>"; };
		64B2C1C6214C36D100891B88 /* cost.c */ = {isa = PBXFileReference; lastKnownFileType = sourcecode.c.c; path = cost.c; sourceTree = "<group>"; };
/* End PBXFileReference section */

/* Begin PBXFrameworksBuildPhase section */
		64B2C181214BB58500891B88 /* Frameworks */ = {
			isa = PBXFrameworksBuildPhase;
			buildActionMask = 2147483647;
			files = (
			);
			runOnlyForDeploymentPostprocessing = 0;
		};
/* End PBXFrameworksBuildPhase section */

/* Begin PBXGroup section */
		64B2C17B214BB58500891B88 = {
			isa = PBXGroup;
			children = (
				64B2C186214BB58500891B88 /* src */,
				64B2C185214BB58500891B88 /* Products */,
			);
			sourceTree = "<group>";
		};
		64B2C185214BB58500891B88 /* Products */ = {
			isa = PBXGroup;
			children = (
				64B2C184214BB58500891B88 /* naive */,
			);
			name = Products;
			sourceTree = "<group>";
		};
		64B2C186214BB58500891B88 /* src */ = {
			isa = PBXGroup;
			children = (
				64B2C1B1214C324000891B88 /* neural */,
				64B2C1A6214BD3A200891B88 /* data */,
				64B2C1A2214BD23800891B88 /* test */,
				64B2C193214BB5DE00891B88 /* util */,
				64B2C18F214BB5A400891B88 /* math */,
				64B2C187214BB58500891B88 /* main.c */,
			);
			path = src;
			sourceTree = "<group>";
		};
		64B2C18F214BB5A400891B88 /* math */ = {
			isa = PBXGroup;
			children = (
				64B2C190214BB5BF00891B88 /* vector.h */,
				64B2C191214BB5BF00891B88 /* vector.c */,
				64B2C19F214BCB1400891B88 /* matrix.h */,
				64B2C1A0214BCB1400891B88 /* matrix.c */,
				64B2C1AA214BD46A00891B88 /* probability.h */,
				64B2C1AB214BD46A00891B88 /* probability.c */,
			);
			path = math;
			sourceTree = "<group>";
		};
		64B2C193214BB5DE00891B88 /* util */ = {
			isa = PBXGroup;
			children = (
				64B2C194214BB5F100891B88 /* macros.h */,
				64B2C195214BB5F100891B88 /* macros.c */,
				64B2C19B214BC86000891B88 /* sort.h */,
				64B2C19C214BC86000891B88 /* sort.c */,
			);
			path = util;
			sourceTree = "<group>";
		};
		64B2C1A2214BD23800891B88 /* test */ = {
			isa = PBXGroup;
			children = (
				64B2C1A3214BD24C00891B88 /* algebra.h */,
				64B2C1A4214BD24C00891B88 /* algebra.c */,
				64933374214D079800E2CCAE /* mnist.h */,
				64933375214D079800E2CCAE /* mnist.c */,
			);
			path = test;
			sourceTree = "<group>";
		};
		64B2C1A6214BD3A200891B88 /* data */ = {
			isa = PBXGroup;
			children = (
				64B2C1A7214BD3B700891B88 /* csv.h */,
				64B2C1A8214BD3B700891B88 /* csv.c */,
				64B2C1AD214BD54100891B88 /* set.h */,
				64B2C1AE214BD54100891B88 /* set.c */,
			);
			path = data;
			sourceTree = "<group>";
		};
		64B2C1B1214C324000891B88 /* neural */ = {
			isa = PBXGroup;
			children = (
				64B2C1BB214C35CA00891B88 /* body */,
				64B2C1B2214C324A00891B88 /* cell.h */,
				64B2C1B3214C324A00891B88 /* cell.c */,
				64B2C1B5214C342500891B88 /* network.h */,
				64B2C1B6214C342500891B88 /* network.c */,
				64B2C1B8214C34AF00891B88 /* router.h */,
				64B2C1B9214C34AF00891B88 /* router.c */,
			);
			path = neural;
			sourceTree = "<group>";
		};
		64B2C1BB214C35CA00891B88 /* body */ = {
			isa = PBXGroup;
			children = (
				64B2C1BC214C35E300891B88 /* activation.h */,
				64B2C1BD214C35E300891B88 /* activation.c */,
				64B2C1BF214C360400891B88 /* aggregation.h */,
				64B2C1C0214C360400891B88 /* aggregation.c */,
				64B2C1C2214C362400891B88 /* transfer.h */,
				64B2C1C3214C362400891B88 /* transfer.c */,
				64B2C1C5214C36D100891B88 /* cost.h */,
				64B2C1C6214C36D100891B88 /* cost.c */,
				64933377214E66BD00E2CCAE /* optimization.h */,
				64933378214E66BD00E2CCAE /* optimization.c */,
			);
			path = body;
			sourceTree = "<group>";
		};
/* End PBXGroup section */

/* Begin PBXNativeTarget section */
		64B2C183214BB58500891B88 /* naive */ = {
			isa = PBXNativeTarget;
			buildConfigurationList = 64B2C18B214BB58500891B88 /* Build configuration list for PBXNativeTarget "naive" */;
			buildPhases = (
				64B2C180214BB58500891B88 /* Sources */,
				64B2C181214BB58500891B88 /* Frameworks */,
				64B2C182214BB58500891B88 /* CopyFiles */,
			);
			buildRules = (
			);
			dependencies = (
			);
			name = naive;
			productName = naive;
			productReference = 64B2C184214BB58500891B88 /* naive */;
			productType = "com.apple.product-type.tool";
		};
/* End PBXNativeTarget section */

/* Begin PBXProject section */
		64B2C17C214BB58500891B88 /* Project object */ = {
			isa = PBXProject;
			attributes = {
				LastUpgradeCheck = 0920;
				ORGANIZATIONNAME = alexander;
				TargetAttributes = {
					64B2C183214BB58500891B88 = {
						CreatedOnToolsVersion = 9.2;
						ProvisioningStyle = Automatic;
					};
				};
			};
			buildConfigurationList = 64B2C17F214BB58500891B88 /* Build configuration list for PBXProject "naive" */;
			compatibilityVersion = "Xcode 8.0";
			developmentRegion = en;
			hasScannedForEncodings = 0;
			knownRegions = (
				en,
			);
			mainGroup = 64B2C17B214BB58500891B88;
			productRefGroup = 64B2C185214BB58500891B88 /* Products */;
			projectDirPath = "";
			projectRoot = "";
			targets = (
				64B2C183214BB58500891B88 /* naive */,
			);
		};
/* End PBXProject section */

/* Begin PBXSourcesBuildPhase section */
		64B2C180214BB58500891B88 /* Sources */ = {
			isa = PBXSourcesBuildPhase;
			buildActionMask = 2147483647;
			files = (
				64B2C1C7214C36D100891B88 /* cost.c in Sources */,
				64B2C1AF214BD54100891B88 /* set.c in Sources */,
				64B2C1A1214BCB1400891B88 /* matrix.c in Sources */,
				64B2C192214BB5BF00891B88 /* vector.c in Sources */,
				64B2C1A5214BD24C00891B88 /* algebra.c in Sources */,
				64B2C196214BB5F100891B88 /* macros.c in Sources */,
				64B2C1B4214C324A00891B88 /* cell.c in Sources */,
				64B2C188214BB58500891B88 /* main.c in Sources */,
				64B2C1C4214C362400891B88 /* transfer.c in Sources */,
				64B2C1BE214C35E300891B88 /* activation.c in Sources */,
				64B2C1A9214BD3B700891B88 /* csv.c in Sources */,
				64B2C1B7214C342500891B88 /* network.c in Sources */,
				64B2C19D214BC86000891B88 /* sort.c in Sources */,
				64B2C1BA214C34AF00891B88 /* router.c in Sources */,
				64B2C1C1214C360400891B88 /* aggregation.c in Sources */,
				64B2C1AC214BD46A00891B88 /* probability.c in Sources */,
				64933379214E66BD00E2CCAE /* optimization.c in Sources */,
				64933376214D079800E2CCAE /* mnist.c in Sources */,
			);
			runOnlyForDeploymentPostprocessing = 0;
		};
/* End PBXSourcesBuildPhase section */

/* Begin XCBuildConfiguration section */
		64B2C189214BB58500891B88 /* Debug */ = {
			isa = XCBuildConfiguration;
			buildSettings = {
				ALWAYS_SEARCH_USER_PATHS = NO;
				CLANG_ANALYZER_NONNULL = YES;
				CLANG_ANALYZER_NUMBER_OBJECT_CONVERSION = YES_AGGRESSIVE;
				CLANG_CXX_LANGUAGE_STANDARD = "gnu++14";
				CLANG_CXX_LIBRARY = "libc++";
				CLANG_ENABLE_MODULES = YES;
				CLANG_ENABLE_OBJC_ARC = YES;
				CLANG_WARN_BLOCK_CAPTURE_AUTORELEASING = YES;
				CLANG_WARN_BOOL_CONVERSION = YES;
				CLANG_WARN_COMMA = YES;
				CLANG_WARN_CONSTANT_CONVERSION = YES;
				CLANG_WARN_DIRECT_OBJC_ISA_USAGE = YES_ERROR;
				CLANG_WARN_DOCUMENTATION_COMMENTS = YES;
				CLANG_WARN_EMPTY_BODY = YES;
				CLANG_WARN_ENUM_CONVERSION = YES;
				CLANG_WARN_INFINITE_RECURSION = YES;
				CLANG_WARN_INT_CONVERSION = YES;
				CLANG_WARN_NON_LITERAL_NULL_CONVERSION = YES;
				CLANG_WARN_OBJC_LITERAL_CONVERSION = YES;
				CLANG_WARN_OBJC_ROOT_CLASS = YES_ERROR;
				CLANG_WARN_RANGE_LOOP_ANALYSIS = YES;
				CLANG_WARN_STRICT_PROTOTYPES = YES;
				CLANG_WARN_SUSPICIOUS_MOVE = YES;
				CLANG_WARN_UNGUARDED_AVAILABILITY = YES_AGGRESSIVE;
				CLANG_WARN_UNREACHABLE_CODE = YES;
				CLANG_WARN__DUPLICATE_METHOD_MATCH = YES;
				CODE_SIGN_IDENTITY = "-";
				COPY_PHASE_STRIP = NO;
				DEBUG_INFORMATION_FORMAT = dwarf;
				ENABLE_STRICT_OBJC_MSGSEND = YES;
				ENABLE_TESTABILITY = YES;
				GCC_C_LANGUAGE_STANDARD = gnu11;
				GCC_DYNAMIC_NO_PIC = NO;
				GCC_NO_COMMON_BLOCKS = YES;
				GCC_OPTIMIZATION_LEVEL = 0;
				GCC_PREPROCESSOR_DEFINITIONS = (
					"DEBUG=1",
					"$(inherited)",
				);
				GCC_WARN_64_TO_32_BIT_CONVERSION = YES;
				GCC_WARN_ABOUT_RETURN_TYPE = YES_ERROR;
				GCC_WARN_UNDECLARED_SELECTOR = YES;
				GCC_WARN_UNINITIALIZED_AUTOS = YES_AGGRESSIVE;
				GCC_WARN_UNUSED_FUNCTION = YES;
				GCC_WARN_UNUSED_VARIABLE = YES;
				MACOSX_DEPLOYMENT_TARGET = 10.13;
				MTL_ENABLE_DEBUG_INFO = YES;
				ONLY_ACTIVE_ARCH = YES;
				SDKROOT = macosx;
			};
			name = Debug;
		};
		64B2C18A214BB58500891B88 /* Release */ = {
			isa = XCBuildConfiguration;
			buildSettings = {
				ALWAYS_SEARCH_USER_PATHS = NO;
				CLANG_ANALYZER_NONNULL = YES;
				CLANG_ANALYZER_NUMBER_OBJECT_CONVERSION = YES_AGGRESSIVE;
				CLANG_CXX_LANGUAGE_STANDARD = "gnu++14";
				CLANG_CXX_LIBRARY = "libc++";
				CLANG_ENABLE_MODULES = YES;
				CLANG_ENABLE_OBJC_ARC = YES;
				CLANG_WARN_BLOCK_CAPTURE_AUTORELEASING = YES;
				CLANG_WARN_BOOL_CONVERSION = YES;
				CLANG_WARN_COMMA = YES;
				CLANG_WARN_CONSTANT_CONVERSION = YES;
				CLANG_WARN_DIRECT_OBJC_ISA_USAGE = YES_ERROR;
				CLANG_WARN_DOCUMENTATION_COMMENTS = YES;
				CLANG_WARN_EMPTY_BODY = YES;
				CLANG_WARN_ENUM_CONVERSION = YES;
				CLANG_WARN_INFINITE_RECURSION = YES;
				CLANG_WARN_INT_CONVERSION = YES;
				CLANG_WARN_NON_LITERAL_NULL_CONVERSION = YES;
				CLANG_WARN_OBJC_LITERAL_CONVERSION = YES;
				CLANG_WARN_OBJC_ROOT_CLASS = YES_ERROR;
				CLANG_WARN_RANGE_LOOP_ANALYSIS = YES;
				CLANG_WARN_STRICT_PROTOTYPES = YES;
				CLANG_WARN_SUSPICIOUS_MOVE = YES;
				CLANG_WARN_UNGUARDED_AVAILABILITY = YES_AGGRESSIVE;
				CLANG_WARN_UNREACHABLE_CODE = YES;
				CLANG_WARN__DUPLICATE_METHOD_MATCH = YES;
				CODE_SIGN_IDENTITY = "-";
				COPY_PHASE_STRIP = NO;
				DEBUG_INFORMATION_FORMAT = "dwarf-with-dsym";
				ENABLE_NS_ASSERTIONS = NO;
				ENABLE_STRICT_OBJC_MSGSEND = YES;
				GCC_C_LANGUAGE_STANDARD = gnu11;
				GCC_NO_COMMON_BLOCKS = YES;
				GCC_WARN_64_TO_32_BIT_CONVERSION = YES;
				GCC_WARN_ABOUT_RETURN_TYPE = YES_ERROR;
				GCC_WARN_UNDECLARED_SELECTOR = YES;
				GCC_WARN_UNINITIALIZED_AUTOS = YES_AGGRESSIVE;
				GCC_WARN_UNUSED_FUNCTION = YES;
				GCC_WARN_UNUSED_VARIABLE = YES;
				MACOSX_DEPLOYMENT_TARGET = 10.13;
				MTL_ENABLE_DEBUG_INFO = NO;
				SDKROOT = macosx;
			};
			name = Release;
		};
		64B2C18C214BB58500891B88 /* Debug */ = {
			isa = XCBuildConfiguration;
			buildSettings = {
				CODE_SIGN_STYLE = Automatic;
				PRODUCT_NAME = "$(TARGET_NAME)";
			};
			name = Debug;
		};
		64B2C18D214BB58500891B88 /* Release */ = {
			isa = XCBuildConfiguration;
			buildSettings = {
				CODE_SIGN_STYLE = Automatic;
				PRODUCT_NAME = "$(TARGET_NAME)";
			};
			name = Release;
		};
/* End XCBuildConfiguration section */

/* Begin XCConfigurationList section */
		64B2C17F214BB58500891B88 /* Build configuration list for PBXProject "naive" */ = {
			isa = XCConfigurationList;
			buildConfigurations = (
				64B2C189214BB58500891B88 /* Debug */,
				64B2C18A214BB58500891B88 /* Release */,
			);
			defaultConfigurationIsVisible = 0;
			defaultConfigurationName = Release;
		};
		64B2C18B214BB58500891B88 /* Build configuration list for PBXNativeTarget "naive" */ = {
			isa = XCConfigurationList;
			buildConfigurations = (
				64B2C18C214BB58500891B88 /* Debug */,
				64B2C18D214BB58500891B88 /* Release */,
			);
			defaultConfigurationIsVisible = 0;
			defaultConfigurationName = Release;
		};
/* End XCConfigurationList section */
	};
	rootObject = 64B2C17C214BB58500891B88 /* Project object */;
}
